
Microsoft Visual Studio Solution File, Format Version 12.00
# Visual Studio Version 16
VisualStudioVersion = 16.0.30204.135
MinimumVisualStudioVersion = 10.0.40219.1
Project("{9A19103F-16F7-4668-BE54-9A1E7A4F7556}") = "Model", "Model\Model.csproj", "{3E1DCA48-EDE2-45DC-8CB9-FCF760F487CE}"
EndProject
Project("{9A19103F-16F7-4668-BE54-9A1E7A4F7556}") = "Controller", "Controller\Controller.csproj", "{A8D38964-43C5-4DA8-A907-D72A840F48B7}"
EndProject
Project("{9A19103F-16F7-4668-BE54-9A1E7A4F7556}") = "View", "View\View.csproj", "{5FD67326-212F-45FB-A772-F10281935D5A}"
EndProject
Project("{9A19103F-16F7-4668-BE54-9A1E7A4F7556}") = "Tests", "Tests\Tests.csproj", "{6750024D-248C-4220-89CE-37E2394E4BD8}"
EndProject
Global
	GlobalSection(SolutionConfigurationPlatforms) = preSolution
		Debug|Any CPU = Debug|Any CPU
		Release|Any CPU = Release|Any CPU
	EndGlobalSection
	GlobalSection(ProjectConfigurationPlatforms) = postSolution
		{3E1DCA48-EDE2-45DC-8CB9-FCF760F487CE}.Debug|Any CPU.ActiveCfg = Debug|Any CPU
		{3E1DCA48-EDE2-45DC-8CB9-FCF760F487CE}.Debug|Any CPU.Build.0 = Debug|Any CPU
		{3E1DCA48-EDE2-45DC-8CB9-FCF760F487CE}.Release|Any CPU.ActiveCfg = Release|Any CPU
		{3E1DCA48-EDE2-45DC-8CB9-FCF760F487CE}.Release|Any CPU.Build.0 = Release|Any CPU
		{A8D38964-43C5-4DA8-A907-D72A840F48B7}.Debug|Any CPU.ActiveCfg = Debug|Any CPU
		{A8D38964-43C5-4DA8-A907-D72A840F48B7}.Debug|Any CPU.Build.0 = Debug|Any CPU
		{A8D38964-43C5-4DA8-A907-D72A840F48B7}.Release|Any CPU.ActiveCfg = Release|Any CPU
		{A8D38964-43C5-4DA8-A907-D72A840F48B7}.Release|Any CPU.Build.0 = Release|Any CPU
		{5FD67326-212F-45FB-A772-F10281935D5A}.Debug|Any CPU.ActiveCfg = Debug|Any CPU
		{5FD67326-212F-45FB-A772-F10281935D5A}.Debug|Any CPU.Build.0 = Debug|Any CPU
		{5FD67326-212F-45FB-A772-F10281935D5A}.Release|Any CPU.ActiveCfg = Release|Any CPU
		{5FD67326-212F-45FB-A772-F10281935D5A}.Release|Any CPU.Build.0 = Release|Any CPU
		{6750024D-248C-4220-89CE-37E2394E4BD8}.Debug|Any CPU.ActiveCfg = Debug|Any CPU
		{6750024D-248C-4220-89CE-37E2394E4BD8}.Debug|Any CPU.Build.0 = Debug|Any CPU
		{6750024D-248C-4220-89CE-37E2394E4BD8}.Release|Any CPU.ActiveCfg = Release|Any CPU
		{6750024D-248C-4220-89CE-37E2394E4BD8}.Release|Any CPU.Build.0 = Release|Any CPU
	EndGlobalSection
	GlobalSection(SolutionProperties) = preSolution
		HideSolutionNode = FALSE
	EndGlobalSection
	GlobalSection(ExtensibilityGlobals) = postSolution
		SolutionGuid = {94F0F16E-1278-425F-A0D9-7E7D1DF6B3F1}
	EndGlobalSection
EndGlobal
